Microsoft Visual Studio Solution File, Format Version 12.00
# Visual Studio Version 17
VisualStudioVersion = 17.5.2.0
MinimumVisualStudioVersion = 10.0.40219.1
Project("{FAE04EC0-301F-11D3-BF4B-00C04F79EFBC}") = "LuyenThiTracNghiem", "LuyenThiTracNghiem.csproj", "{0C596A0C-1473-2B10-024E-FA7C99B6095A}"
EndProject
Global
	GlobalSection(SolutionConfigurationPlatforms) = preSolution
		Debug|Any CPU = Debug|Any CPU
		Release|Any CPU = Release|Any CPU
	EndGlobalSection
	GlobalSection(ProjectConfigurationPlatforms) = postSolution
		{0C596A0C-1473-2B10-024E-FA7C99B6095A}.Debug|Any CPU.ActiveCfg = Debug|Any CPU
		{0C596A0C-1473-2B10-024E-FA7C99B6095A}.Debug|Any CPU.Build.0 = Debug|Any CPU
		{0C596A0C-1473-2B10-024E-FA7C99B6095A}.Release|Any CPU.ActiveCfg = Release|Any CPU
		{0C596A0C-1473-2B10-024E-FA7C99B6095A}.Release|Any CPU.Build.0 = Release|Any CPU
	EndGlobalSection
	GlobalSection(SolutionProperties) = preSolution
		HideSolutionNode = FALSE
	EndGlobalSection
	GlobalSection(ExtensibilityGlobals) = postSolution
		SolutionGuid = {7F582F7F-8BE1-4626-808F-2FB5C6F822D1}
	EndGlobalSection
EndGlobal
